
Microsoft Visual Studio Solution File, Format Version 12.00
# Visual Studio Version 17
VisualStudioVersion = 17.0.31919.166
MinimumVisualStudioVersion = 10.0.40219.1
Project("{FAE04EC0-301F-11D3-BF4B-00C04F79EFBC}") = "NetCoreEjercices", "NetCoreEjercices\NetCoreEjercices.csproj", "{2ABBB1AA-716D-4209-B4CC-7363D668475B}"
EndProject
Global
	GlobalSection(SolutionConfigurationPlatforms) = preSolution
		Debug|Any CPU = Debug|Any CPU
		Release|Any CPU = Release|Any CPU
	EndGlobalSection
	GlobalSection(ProjectConfigurationPlatforms) = postSolution
		{2ABBB1AA-716D-4209-B4CC-7363D668475B}.Debug|Any CPU.ActiveCfg = Debug|Any CPU
		{2ABBB1AA-716D-4209-B4CC-7363D668475B}.Debug|Any CPU.Build.0 = Debug|Any CPU
		{2ABBB1AA-716D-4209-B4CC-7363D668475B}.Release|Any CPU.ActiveCfg = Release|Any CPU
		{2ABBB1AA-716D-4209-B4CC-7363D668475B}.Release|Any CPU.Build.0 = Release|Any CPU
	EndGlobalSection
	GlobalSection(SolutionProperties) = preSolution
		HideSolutionNode = FALSE
	EndGlobalSection
	GlobalSection(ExtensibilityGlobals) = postSolution
		SolutionGuid = {67CB279D-A346-4AD1-A5E4-21FCE375E9AD}
	EndGlobalSection
EndGlobal
