
Microsoft Visual Studio Solution File, Format Version 12.00
# Visual Studio Version 17
VisualStudioVersion = 17.0.31919.166
MinimumVisualStudioVersion = 10.0.40219.1
Project("{FAE04EC0-301F-11D3-BF4B-00C04F79EFBC}") = "SampleApplication", "SampleApplication\SampleApplication.csproj", "{66A03EE1-65C8-434B-B6D3-095FA75876FD}"
EndProject
Global
	GlobalSection(SolutionConfigurationPlatforms) = preSolution
		Debug|Any CPU = Debug|Any CPU
		Release|Any CPU = Release|Any CPU
	EndGlobalSection
	GlobalSection(ProjectConfigurationPlatforms) = postSolution
		{66A03EE1-65C8-434B-B6D3-095FA75876FD}.Debug|Any CPU.ActiveCfg = Debug|Any CPU
		{66A03EE1-65C8-434B-B6D3-095FA75876FD}.Debug|Any CPU.Build.0 = Debug|Any CPU
		{66A03EE1-65C8-434B-B6D3-095FA75876FD}.Release|Any CPU.ActiveCfg = Release|Any CPU
		{66A03EE1-65C8-434B-B6D3-095FA75876FD}.Release|Any CPU.Build.0 = Release|Any CPU
	EndGlobalSection
	GlobalSection(SolutionProperties) = preSolution
		HideSolutionNode = FALSE
	EndGlobalSection
	GlobalSection(ExtensibilityGlobals) = postSolution
		SolutionGuid = {A03346C0-40F9-45E5-8F5D-40F1CB61BBD4}
	EndGlobalSection
EndGlobal
